
Microsoft Visual Studio Solution File, Format Version 12.00
# Visual Studio Version 16
VisualStudioVersion = 16.0.30104.148
MinimumVisualStudioVersion = 10.0.40219.1
Project("{FAE04EC0-301F-11D3-BF4B-00C04F79EFBC}") = "OCRTool", "OCRTool\OCRTool.csproj", "{1E8FAA6E-B236-4898-8D80-402BE9449BC0}"
EndProject
Global
	GlobalSection(SolutionConfigurationPlatforms) = preSolution
		Debug|Any CPU = Debug|Any CPU
		Release|Any CPU = Release|Any CPU
	EndGlobalSection
	GlobalSection(ProjectConfigurationPlatforms) = postSolution
		{1E8FAA6E-B236-4898-8D80-402BE9449BC0}.Debug|Any CPU.ActiveCfg = Debug|Any CPU
		{1E8FAA6E-B236-4898-8D80-402BE9449BC0}.Debug|Any CPU.Build.0 = Debug|Any CPU
		{1E8FAA6E-B236-4898-8D80-402BE9449BC0}.Release|Any CPU.ActiveCfg = Release|Any CPU
		{1E8FAA6E-B236-4898-8D80-402BE9449BC0}.Release|Any CPU.Build.0 = Release|Any CPU
	EndGlobalSection
	GlobalSection(SolutionProperties) = preSolution
		HideSolutionNode = FALSE
	EndGlobalSection
	GlobalSection(ExtensibilityGlobals) = postSolution
		SolutionGuid = {41C44D19-84DC-4CFC-9A7C-FBB9B53D59FA}
	EndGlobalSection
EndGlobal
